
Microsoft Visual Studio Solution File, Format Version 12.00
# Visual Studio Version 17
VisualStudioVersion = 17.1.32210.238
MinimumVisualStudioVersion = 10.0.40219.1
Project("{FAE04EC0-301F-11D3-BF4B-00C04F79EFBC}") = "firstExercise", "firstExercise\firstExercise.csproj", "{578FF85F-7C1F-4482-9F6B-A2405C8EE1CB}"
EndProject
Project("{FAE04EC0-301F-11D3-BF4B-00C04F79EFBC}") = "secondExercise", "secondExercise\secondExercise.csproj", "{BA7C8F6B-5CAB-41DC-8E2D-D0FA97084D49}"
EndProject
Global
	GlobalSection(SolutionConfigurationPlatforms) = preSolution
		Debug|Any CPU = Debug|Any CPU
		Release|Any CPU = Release|Any CPU
	EndGlobalSection
	GlobalSection(ProjectConfigurationPlatforms) = postSolution
		{578FF85F-7C1F-4482-9F6B-A2405C8EE1CB}.Debug|Any CPU.ActiveCfg = Debug|Any CPU
		{578FF85F-7C1F-4482-9F6B-A2405C8EE1CB}.Debug|Any CPU.Build.0 = Debug|Any CPU
		{578FF85F-7C1F-4482-9F6B-A2405C8EE1CB}.Release|Any CPU.ActiveCfg = Release|Any CPU
		{578FF85F-7C1F-4482-9F6B-A2405C8EE1CB}.Release|Any CPU.Build.0 = Release|Any CPU
		{BA7C8F6B-5CAB-41DC-8E2D-D0FA97084D49}.Debug|Any CPU.ActiveCfg = Debug|Any CPU
		{BA7C8F6B-5CAB-41DC-8E2D-D0FA97084D49}.Debug|Any CPU.Build.0 = Debug|Any CPU
		{BA7C8F6B-5CAB-41DC-8E2D-D0FA97084D49}.Release|Any CPU.ActiveCfg = Release|Any CPU
		{BA7C8F6B-5CAB-41DC-8E2D-D0FA97084D49}.Release|Any CPU.Build.0 = Release|Any CPU
	EndGlobalSection
	GlobalSection(SolutionProperties) = preSolution
		HideSolutionNode = FALSE
	EndGlobalSection
	GlobalSection(ExtensibilityGlobals) = postSolution
		SolutionGuid = {3BCCE450-E5D9-4857-9A47-EFF8AD087537}
	EndGlobalSection
EndGlobal
